<?xml version="1.0" encoding="utf-8"?>
<Project ToolsVersion="4.0" xmlns="http://schemas.microsoft.com/developer/msbuild/2003">
  <ItemGroup>
    <Filter Include="Source Files">
      <UniqueIdentifier>{4FC737F1-C7A5-4376-A066-2A32D752A2FF}</UniqueIdentifier>
      <Extensions>cpp;c;cc;cxx;c++;def;odl;idl;hpj;bat;asm;asmx</Extensions>
    </Filter>
    <Filter Include="Header Files">
      <UniqueIdentifier>{93995380-89BD-4b04-88EB-625FBE52EBFB}</UniqueIdentifier>
      <Extensions>h;hh;hpp;hxx;h++;hm;inl;inc;ipp;xsd</Extensions>
    </Filter>
    <Filter Include="SDL2">
      <UniqueIdentifier>{9ca1d90a-f55b-4acf-8f70-8035ea87e05e}</UniqueIdentifier>
    </Filter>
    <Filter Include="Header Files\Components">
      <UniqueIdentifier>{d0eefebe-48b4-45fe-a0dc-e26438212642}</UniqueIdentifier>
    </Filter>
    <Filter Include="Source Files\Components">
      <UniqueIdentifier>{e0f6d04a-e8d1-4ea7-b7bc-48441b74cbdf}</UniqueIdentifier>
    </Filter>
  </ItemGroup>
  <ItemGroup>
    <ClCompile Include="sources\Game.cpp">
      <Filter>Source Files</Filter>
    </ClCompile>
    <ClCompile Include="includes\Controler.cpp">
      <Filter>Source Files\Components</Filter>
    </ClCompile>
  </ItemGroup>
  <ItemGroup>
    <CopyFileToFolders Include="..\Lib\SDL2\lib\SDL2.dll">
      <Filter>SDL2</Filter>
    </CopyFileToFolders>
    <CopyFileToFolders Include="..\Lib\SDL2_mixer\lib\SDL2_mixer.dll">
      <Filter>SDL2</Filter>
    </CopyFileToFolders>
    <CopyFileToFolders Include="..\Lib\SDL2_mixer\lib\libFLAC-8.dll">
      <Filter>SDL2</Filter>
    </CopyFileToFolders>
    <CopyFileToFolders Include="..\Lib\SDL2_ttf\lib\libfreetype-6.dll">
      <Filter>SDL2</Filter>
    </CopyFileToFolders>
    <CopyFileToFolders Include="..\Lib\SDL2_image\lib\libjpeg-9.dll">
      <Filter>SDL2</Filter>
    </CopyFileToFolders>
    <CopyFileToFolders Include="..\Lib\SDL2_mixer\lib\libmodplug-1.dll">
      <Filter>SDL2</Filter>
    </CopyFileToFolders>
    <CopyFileToFolders Include="..\Lib\SDL2_mixer\lib\libmpg123-0.dll">
      <Filter>SDL2</Filter>
    </CopyFileToFolders>
    <CopyFileToFolders Include="..\Lib\SDL2_mixer\lib\libogg-0.dll">
      <Filter>SDL2</Filter>
    </CopyFileToFolders>
    <CopyFileToFolders Include="..\Lib\SDL2_mixer\lib\libopus-0.dll">
      <Filter>SDL2</Filter>
    </CopyFileToFolders>
    <CopyFileToFolders Include="..\Lib\SDL2_mixer\lib\libopusfile-0.dll">
      <Filter>SDL2</Filter>
    </CopyFileToFolders>
    <CopyFileToFolders Include="..\Lib\SDL2_image\lib\libpng16-16.dll">
      <Filter>SDL2</Filter>
    </CopyFileToFolders>
    <CopyFileToFolders Include="..\Lib\SDL2_image\lib\libtiff-5.dll">
      <Filter>SDL2</Filter>
    </CopyFileToFolders>
    <CopyFileToFolders Include="..\Lib\SDL2_mixer\lib\libvorbis-0.dll">
      <Filter>SDL2</Filter>
    </CopyFileToFolders>
    <CopyFileToFolders Include="..\Lib\SDL2_mixer\lib\libvorbisfile-3.dll">
      <Filter>SDL2</Filter>
    </CopyFileToFolders>
    <CopyFileToFolders Include="..\Lib\SDL2_image\lib\libwebp-7.dll">
      <Filter>SDL2</Filter>
    </CopyFileToFolders>
    <CopyFileToFolders Include="..\Lib\SDL2_image\lib\SDL2_image.dll">
      <Filter>SDL2</Filter>
    </CopyFileToFolders>
    <CopyFileToFolders Include="..\Lib\SDL2_ttf\lib\SDL2_ttf.dll">
      <Filter>SDL2</Filter>
    </CopyFileToFolders>
    <CopyFileToFolders Include="..\Lib\SDL2_image\lib\zlib1.dll">
      <Filter>SDL2</Filter>
    </CopyFileToFolders>
  </ItemGroup>
  <ItemGroup>
    <ClInclude Include="sources\Game.h">
      <Filter>Header Files</Filter>
    </ClInclude>
    <ClInclude Include="includes\Controler.h">
      <Filter>Header Files\Components</Filter>
    </ClInclude>
  </ItemGroup>
</Project>